
Microsoft Visual Studio Solution File, Format Version 12.00
# Visual Studio 15
VisualStudioVersion = 15.0.27428.2027
MinimumVisualStudioVersion = 10.0.40219.1
Project("{9A19103F-16F7-4668-BE54-9A1E7A4F7556}") = "ActorXml.Common", "ActorXml.Common\ActorXml.Common.csproj", "{2813914E-1BC7-440B-9450-4E7B71F6B006}"
EndProject
Project("{9A19103F-16F7-4668-BE54-9A1E7A4F7556}") = "ActorXml.TestClient", "ActorXml.TestClient\ActorXml.TestClient.csproj", "{02FE27B2-E7C8-47C1-8706-F69E17605889}"
EndProject
Project("{9A19103F-16F7-4668-BE54-9A1E7A4F7556}") = "ActorXml.WaWi", "ActorXml.WaWi\ActorXml.WaWi.csproj", "{2DF73200-83A4-4206-BE25-49258ECCF901}"
EndProject
Project("{9A19103F-16F7-4668-BE54-9A1E7A4F7556}") = "ActorXml.KS", "ActorXml.KS\ActorXml.KS.csproj", "{B7A24AC1-CEFD-46DF-8F43-56407996FCE6}"
EndProject
Global
	GlobalSection(SolutionConfigurationPlatforms) = preSolution
		Debug|Any CPU = Debug|Any CPU
		Release|Any CPU = Release|Any CPU
	EndGlobalSection
	GlobalSection(ProjectConfigurationPlatforms) = postSolution
		{2813914E-1BC7-440B-9450-4E7B71F6B006}.Debug|Any CPU.ActiveCfg = Debug|Any CPU
		{2813914E-1BC7-440B-9450-4E7B71F6B006}.Debug|Any CPU.Build.0 = Debug|Any CPU
		{2813914E-1BC7-440B-9450-4E7B71F6B006}.Release|Any CPU.ActiveCfg = Release|Any CPU
		{2813914E-1BC7-440B-9450-4E7B71F6B006}.Release|Any CPU.Build.0 = Release|Any CPU
		{02FE27B2-E7C8-47C1-8706-F69E17605889}.Debug|Any CPU.ActiveCfg = Debug|Any CPU
		{02FE27B2-E7C8-47C1-8706-F69E17605889}.Debug|Any CPU.Build.0 = Debug|Any CPU
		{02FE27B2-E7C8-47C1-8706-F69E17605889}.Release|Any CPU.ActiveCfg = Release|Any CPU
		{02FE27B2-E7C8-47C1-8706-F69E17605889}.Release|Any CPU.Build.0 = Release|Any CPU
		{2DF73200-83A4-4206-BE25-49258ECCF901}.Debug|Any CPU.ActiveCfg = Debug|Any CPU
		{2DF73200-83A4-4206-BE25-49258ECCF901}.Debug|Any CPU.Build.0 = Debug|Any CPU
		{2DF73200-83A4-4206-BE25-49258ECCF901}.Release|Any CPU.ActiveCfg = Release|Any CPU
		{2DF73200-83A4-4206-BE25-49258ECCF901}.Release|Any CPU.Build.0 = Release|Any CPU
		{B7A24AC1-CEFD-46DF-8F43-56407996FCE6}.Debug|Any CPU.ActiveCfg = Debug|Any CPU
		{B7A24AC1-CEFD-46DF-8F43-56407996FCE6}.Debug|Any CPU.Build.0 = Debug|Any CPU
		{B7A24AC1-CEFD-46DF-8F43-56407996FCE6}.Release|Any CPU.ActiveCfg = Release|Any CPU
		{B7A24AC1-CEFD-46DF-8F43-56407996FCE6}.Release|Any CPU.Build.0 = Release|Any CPU
	EndGlobalSection
	GlobalSection(SolutionProperties) = preSolution
		HideSolutionNode = FALSE
	EndGlobalSection
	GlobalSection(ExtensibilityGlobals) = postSolution
		SolutionGuid = {3E43594F-9900-4FD2-98B4-6E789A10270D}
	EndGlobalSection
EndGlobal
